
Microsoft Visual Studio Solution File, Format Version 12.00
# Visual Studio Version 17
VisualStudioVersion = 17.2.32616.157
MinimumVisualStudioVersion = 10.0.40219.1
Project("{9A19103F-16F7-4668-BE54-9A1E7A4F7556}") = "MeetingsManager", "MeetingsManager\MeetingsManager.csproj", "{941E2265-A53B-433A-9A6D-B3C655D3F77E}"
EndProject
Project("{FAE04EC0-301F-11D3-BF4B-00C04F79EFBC}") = "MeetingsManagerTests", "MeetingsManagerTests\MeetingsManagerTests.csproj", "{11A39032-5117-4189-A9C3-C39099119035}"
EndProject
Global
	GlobalSection(SolutionConfigurationPlatforms) = preSolution
		Debug|Any CPU = Debug|Any CPU
		Release|Any CPU = Release|Any CPU
	EndGlobalSection
	GlobalSection(ProjectConfigurationPlatforms) = postSolution
		{941E2265-A53B-433A-9A6D-B3C655D3F77E}.Debug|Any CPU.ActiveCfg = Debug|Any CPU
		{941E2265-A53B-433A-9A6D-B3C655D3F77E}.Debug|Any CPU.Build.0 = Debug|Any CPU
		{941E2265-A53B-433A-9A6D-B3C655D3F77E}.Release|Any CPU.ActiveCfg = Release|Any CPU
		{941E2265-A53B-433A-9A6D-B3C655D3F77E}.Release|Any CPU.Build.0 = Release|Any CPU
		{11A39032-5117-4189-A9C3-C39099119035}.Debug|Any CPU.ActiveCfg = Debug|Any CPU
		{11A39032-5117-4189-A9C3-C39099119035}.Debug|Any CPU.Build.0 = Debug|Any CPU
		{11A39032-5117-4189-A9C3-C39099119035}.Release|Any CPU.ActiveCfg = Release|Any CPU
		{11A39032-5117-4189-A9C3-C39099119035}.Release|Any CPU.Build.0 = Release|Any CPU
	EndGlobalSection
	GlobalSection(SolutionProperties) = preSolution
		HideSolutionNode = FALSE
	EndGlobalSection
	GlobalSection(ExtensibilityGlobals) = postSolution
		SolutionGuid = {1EDB9915-D289-4E48-81F2-7D5C80877F64}
	EndGlobalSection
EndGlobal
